// !$*UTF8*$!
{
	archiveVersion = 1;
	classes = {
	};
	objectVersion = 56;
	objects = {

/* Begin PBXBuildFile section */
		751AF4CC2986EEF1007A3311 /* Preferences.swift in Sources */ = {isa = PBXBuildFile; fileRef = 751AF4CB2986EEF1007A3311 /* Preferences.swift */; };
		751AF4CE2986EFC1007A3311 /* PreferencesView.swift in Sources */ = {isa = PBXBuildFile; fileRef = 751AF4CD2986EFC1007A3311 /* PreferencesView.swift */; };
		751AF4D929870D5A007A3311 /* PreferencesManaging.swift in Sources */ = {isa = PBXBuildFile; fileRef = 751AF4D829870D5A007A3311 /* PreferencesManaging.swift */; };
		751AF4DC29871001007A3311 /* Bundle+Extensions.swift in Sources */ = {isa = PBXBuildFile; fileRef = 751AF4DB29871001007A3311 /* Bundle+Extensions.swift */; };
		751AF4DE298713FC007A3311 /* HistoryManaging.swift in Sources */ = {isa = PBXBuildFile; fileRef = 751AF4DD298713FC007A3311 /* HistoryManaging.swift */; };
		751AF4E0298719EB007A3311 /* PreferencesView.ViewModel.swift in Sources */ = {isa = PBXBuildFile; fileRef = 751AF4DF298719EB007A3311 /* PreferencesView.ViewModel.swift */; };
		751AF4E329871A45007A3311 /* QuickStorage.swift in Sources */ = {isa = PBXBuildFile; fileRef = 751AF4E229871A45007A3311 /* QuickStorage.swift */; };
		751B99EC29B2805F003A45C5 /* PastePreview.swift in Sources */ = {isa = PBXBuildFile; fileRef = 751B99EB29B2805F003A45C5 /* PastePreview.swift */; };
		751B99EE29B2837E003A45C5 /* String+Extensions.swift in Sources */ = {isa = PBXBuildFile; fileRef = 751B99ED29B2837E003A45C5 /* String+Extensions.swift */; };
		751B99F029B2915C003A45C5 /* AttributedString.swift in Sources */ = {isa = PBXBuildFile; fileRef = 751B99EF29B2915C003A45C5 /* AttributedString.swift */; };
		751B99F929B29D95003A45C5 /* AnalyticsManaging.swift in Sources */ = {isa = PBXBuildFile; fileRef = 751B99F829B29D95003A45C5 /* AnalyticsManaging.swift */; };
		753B5F5A29BE6A3400BBADD7 /* LandingView.swift in Sources */ = {isa = PBXBuildFile; fileRef = 753B5F5929BE6A3400BBADD7 /* LandingView.swift */; };
		753B5F9829C0F62000BBADD7 /* LaunchAtLogin in Frameworks */ = {isa = PBXBuildFile; productRef = 753B5F9729C0F62000BBADD7 /* LaunchAtLogin */; };
		753B5F9B29C1038A00BBADD7 /* SubscriptionManaging.swift in Sources */ = {isa = PBXBuildFile; fileRef = 753B5F9A29C1038A00BBADD7 /* SubscriptionManaging.swift */; };
		753B5F9E29C1179800BBADD7 /* WorkerTests.swift in Sources */ = {isa = PBXBuildFile; fileRef = 753B5F9D29C1179800BBADD7 /* WorkerTests.swift */; };
		756EA6A32990516900CE2356 /* Dashboard.ViewModel.swift in Sources */ = {isa = PBXBuildFile; fileRef = 756EA6A22990516900CE2356 /* Dashboard.ViewModel.swift */; };
		756EA6A62990524300CE2356 /* HistoryManaging+InMemory.swift in Sources */ = {isa = PBXBuildFile; fileRef = 756EA6A52990524300CE2356 /* HistoryManaging+InMemory.swift */; };
		756EA6A82990525C00CE2356 /* HistoryManaging+Mock.swift in Sources */ = {isa = PBXBuildFile; fileRef = 756EA6A72990525C00CE2356 /* HistoryManaging+Mock.swift */; };
		758EC8A0299805D7003562EC /* FloatingPanel.swift in Sources */ = {isa = PBXBuildFile; fileRef = 758EC89F299805D7003562EC /* FloatingPanel.swift */; };
		758EC8A429999A01003562EC /* PasteboardHistory.xcdatamodeld in Sources */ = {isa = PBXBuildFile; fileRef = 758EC8A229999A01003562EC /* PasteboardHistory.xcdatamodeld */; };
		758EC8A629999A0F003562EC /* CoreDataManaging.swift in Sources */ = {isa = PBXBuildFile; fileRef = 758EC8A529999A0F003562EC /* CoreDataManaging.swift */; };
		75A935AF29AD46C600DB20ED /* KeyboardShortcuts in Frameworks */ = {isa = PBXBuildFile; productRef = 75A935AE29AD46C600DB20ED /* KeyboardShortcuts */; };
		75A935B229AD46E500DB20ED /* KeyboardShortcts+Name.swift in Sources */ = {isa = PBXBuildFile; fileRef = 75A935B129AD46E500DB20ED /* KeyboardShortcts+Name.swift */; };
		75B1AE9F29BD1ADA00DA784E /* GoogleService-Info.plist in Resources */ = {isa = PBXBuildFile; fileRef = 75B1AE9E29BD1ADA00DA784E /* GoogleService-Info.plist */; };
		75B1AEA229BD1BEF00DA784E /* FirebaseAnalyticsSwift in Frameworks */ = {isa = PBXBuildFile; productRef = 75B1AEA129BD1BEF00DA784E /* FirebaseAnalyticsSwift */; };
		75B1AEA429BD1BEF00DA784E /* FirebaseCrashlytics in Frameworks */ = {isa = PBXBuildFile; productRef = 75B1AEA329BD1BEF00DA784E /* FirebaseCrashlytics */; };
		75B1AEA629BD1BEF00DA784E /* FirebaseDynamicLinks in Frameworks */ = {isa = PBXBuildFile; productRef = 75B1AEA529BD1BEF00DA784E /* FirebaseDynamicLinks */; };
		75B1AEAC29BD1BEF00DA784E /* FirebaseRemoteConfigSwift in Frameworks */ = {isa = PBXBuildFile; productRef = 75B1AEAB29BD1BEF00DA784E /* FirebaseRemoteConfigSwift */; };
		75B1AEAF29BD1CDA00DA784E /* AdSupport.framework in Frameworks */ = {isa = PBXBuildFile; fileRef = 75B1AEAE29BD1CDA00DA784E /* AdSupport.framework */; };
		75B881C1297C1F7400048A2F /* EntryPoint.swift in Sources */ = {isa = PBXBuildFile; fileRef = 75B881C0297C1F7400048A2F /* EntryPoint.swift */; };
		75B881C3297C1F7400048A2F /* Dashboard.swift in Sources */ = {isa = PBXBuildFile; fileRef = 75B881C2297C1F7400048A2F /* Dashboard.swift */; };
		75B881C5297C1F7600048A2F /* Assets.xcassets in Resources */ = {isa = PBXBuildFile; fileRef = 75B881C4297C1F7600048A2F /* Assets.xcassets */; };
		75B881C8297C1F7600048A2F /* Preview Assets.xcassets in Resources */ = {isa = PBXBuildFile; fileRef = 75B881C7297C1F7600048A2F /* Preview Assets.xcassets */; };
		75B881D1297C7B9800048A2F /* PasteboardManaging.swift in Sources */ = {isa = PBXBuildFile; fileRef = 75B881D0297C7B9800048A2F /* PasteboardManaging.swift */; };
		75B881D3297D6DB000048A2F /* Worker.swift in Sources */ = {isa = PBXBuildFile; fileRef = 75B881D2297D6DB000048A2F /* Worker.swift */; };
		75B881D5297D6F4900048A2F /* Paste.swift in Sources */ = {isa = PBXBuildFile; fileRef = 75B881D4297D6F4900048A2F /* Paste.swift */; };
		75B881D7297DCD6500048A2F /* AppDelegate.swift in Sources */ = {isa = PBXBuildFile; fileRef = 75B881D6297DCD6500048A2F /* AppDelegate.swift */; };
		75EE3052299FD86C00DB0D35 /* HistoryManaging+CoreData.swift in Sources */ = {isa = PBXBuildFile; fileRef = 75EE3051299FD86C00DB0D35 /* HistoryManaging+CoreData.swift */; };
		75EE306329A2473600DB0D35 /* Paste+Content.swift in Sources */ = {isa = PBXBuildFile; fileRef = 75EE306229A2473600DB0D35 /* Paste+Content.swift */; };
		75EE306529A248E600DB0D35 /* Paste+PreviewType.swift in Sources */ = {isa = PBXBuildFile; fileRef = 75EE306429A248E600DB0D35 /* Paste+PreviewType.swift */; };
		75FEFABF29AB5E7300B7432C /* PasteboardManaging+Mock.swift in Sources */ = {isa = PBXBuildFile; fileRef = 75FEFABE29AB5E7200B7432C /* PasteboardManaging+Mock.swift */; };
/* End PBXBuildFile section */

/* Begin PBXContainerItemProxy section */
		75FEFAC829AB64E800B7432C /* PBXContainerItemProxy */ = {
			isa = PBXContainerItemProxy;
			containerPortal = 75B881B5297C1F7400048A2F /* Project object */;
			proxyType = 1;
			remoteGlobalIDString = 75B881BC297C1F7400048A2F;
			remoteInfo = Pasteboard;
		};
/* End PBXContainerItemProxy section */

/* Begin PBXFileReference section */
		751AF4CB2986EEF1007A3311 /* Preferences.swift */ = {isa = PBXFileReference; lastKnownFileType = sourcecode.swift; path = Preferences.swift; sourceTree = "<group>"; };
		751AF4CD2986EFC1007A3311 /* PreferencesView.swift */ = {isa = PBXFileReference; lastKnownFileType = sourcecode.swift; path = PreferencesView.swift; sourceTree = "<group>"; };
		751AF4D829870D5A007A3311 /* PreferencesManaging.swift */ = {isa = PBXFileReference; lastKnownFileType = sourcecode.swift; path = PreferencesManaging.swift; sourceTree = "<group>"; };
		751AF4DB29871001007A3311 /* Bundle+Extensions.swift */ = {isa = PBXFileReference; lastKnownFileType = sourcecode.swift; path = "Bundle+Extensions.swift"; sourceTree = "<group>"; };
		751AF4DD298713FC007A3311 /* HistoryManaging.swift */ = {isa = PBXFileReference; lastKnownFileType = sourcecode.swift; path = HistoryManaging.swift; sourceTree = "<group>"; };
		751AF4DF298719EB007A3311 /* PreferencesView.ViewModel.swift */ = {isa = PBXFileReference; lastKnownFileType = sourcecode.swift; path = PreferencesView.ViewModel.swift; sourceTree = "<group>"; };
		751AF4E229871A45007A3311 /* QuickStorage.swift */ = {isa = PBXFileReference; lastKnownFileType = sourcecode.swift; path = QuickStorage.swift; sourceTree = "<group>"; };
		751B99EB29B2805F003A45C5 /* PastePreview.swift */ = {isa = PBXFileReference; lastKnownFileType = sourcecode.swift; path = PastePreview.swift; sourceTree = "<group>"; };
		751B99ED29B2837E003A45C5 /* String+Extensions.swift */ = {isa = PBXFileReference; lastKnownFileType = sourcecode.swift; path = "String+Extensions.swift"; sourceTree = "<group>"; };
		751B99EF29B2915C003A45C5 /* AttributedString.swift */ = {isa = PBXFileReference; lastKnownFileType = sourcecode.swift; path = AttributedString.swift; sourceTree = "<group>"; };
		751B99F829B29D95003A45C5 /* AnalyticsManaging.swift */ = {isa = PBXFileReference; lastKnownFileType = sourcecode.swift; path = AnalyticsManaging.swift; sourceTree = "<group>"; };
		753B5F5929BE6A3400BBADD7 /* LandingView.swift */ = {isa = PBXFileReference; lastKnownFileType = sourcecode.swift; path = LandingView.swift; sourceTree = "<group>"; };
		753B5F9A29C1038A00BBADD7 /* SubscriptionManaging.swift */ = {isa = PBXFileReference; lastKnownFileType = sourcecode.swift; path = SubscriptionManaging.swift; sourceTree = "<group>"; };
		753B5F9D29C1179800BBADD7 /* WorkerTests.swift */ = {isa = PBXFileReference; fileEncoding = 4; lastKnownFileType = sourcecode.swift; path = WorkerTests.swift; sourceTree = "<group>"; };
		756EA6A22990516900CE2356 /* Dashboard.ViewModel.swift */ = {isa = PBXFileReference; lastKnownFileType = sourcecode.swift; path = Dashboard.ViewModel.swift; sourceTree = "<group>"; };
		756EA6A52990524300CE2356 /* HistoryManaging+InMemory.swift */ = {isa = PBXFileReference; lastKnownFileType = sourcecode.swift; path = "HistoryManaging+InMemory.swift"; sourceTree = "<group>"; };
		756EA6A72990525C00CE2356 /* HistoryManaging+Mock.swift */ = {isa = PBXFileReference; lastKnownFileType = sourcecode.swift; path = "HistoryManaging+Mock.swift"; sourceTree = "<group>"; };
		758EC89F299805D7003562EC /* FloatingPanel.swift */ = {isa = PBXFileReference; lastKnownFileType = sourcecode.swift; path = FloatingPanel.swift; sourceTree = "<group>"; };
		758EC8A329999A01003562EC /* PasteboardPrint.xcdatamodel */ = {isa = PBXFileReference; lastKnownFileType = wrapper.xcdatamodel; path = PasteboardPrint.xcdatamodel; sourceTree = "<group>"; };
		758EC8A529999A0F003562EC /* CoreDataManaging.swift */ = {isa = PBXFileReference; lastKnownFileType = sourcecode.swift; path = CoreDataManaging.swift; sourceTree = "<group>"; };
		75A935B129AD46E500DB20ED /* KeyboardShortcts+Name.swift */ = {isa = PBXFileReference; lastKnownFileType = sourcecode.swift; path = "KeyboardShortcts+Name.swift"; sourceTree = "<group>"; };
		75B1AE9E29BD1ADA00DA784E /* GoogleService-Info.plist */ = {isa = PBXFileReference; fileEncoding = 4; lastKnownFileType = text.plist.xml; path = "GoogleService-Info.plist"; sourceTree = "<group>"; };
		75B1AEAE29BD1CDA00DA784E /* AdSupport.framework */ = {isa = PBXFileReference; lastKnownFileType = wrapper.framework; name = AdSupport.framework; path = System/Library/Frameworks/AdSupport.framework; sourceTree = SDKROOT; };
		75B881BD297C1F7400048A2F /* PasteOn.app */ = {isa = PBXFileReference; explicitFileType = wrapper.application; includeInIndex = 0; path = PasteOn.app; sourceTree = BUILT_PRODUCTS_DIR; };
		75B881C0297C1F7400048A2F /* EntryPoint.swift */ = {isa = PBXFileReference; lastKnownFileType = sourcecode.swift; path = EntryPoint.swift; sourceTree = "<group>"; };
		75B881C2297C1F7400048A2F /* Dashboard.swift */ = {isa = PBXFileReference; lastKnownFileType = sourcecode.swift; path = Dashboard.swift; sourceTree = "<group>"; };
		75B881C4297C1F7600048A2F /* Assets.xcassets */ = {isa = PBXFileReference; lastKnownFileType = folder.assetcatalog; path = Assets.xcassets; sourceTree = "<group>"; };
		75B881C7297C1F7600048A2F /* Preview Assets.xcassets */ = {isa = PBXFileReference; lastKnownFileType = folder.assetcatalog; path = "Preview Assets.xcassets"; sourceTree = "<group>"; };
		75B881C9297C1F7600048A2F /* PasteOn.entitlements */ = {isa = PBXFileReference; lastKnownFileType = text.plist.entitlements; path = PasteOn.entitlements; sourceTree = "<group>"; };
		75B881D0297C7B9800048A2F /* PasteboardManaging.swift */ = {isa = PBXFileReference; lastKnownFileType = sourcecode.swift; path = PasteboardManaging.swift; sourceTree = "<group>"; };
		75B881D2297D6DB000048A2F /* Worker.swift */ = {isa = PBXFileReference; lastKnownFileType = sourcecode.swift; path = Worker.swift; sourceTree = "<group>"; };
		75B881D4297D6F4900048A2F /* Paste.swift */ = {isa = PBXFileReference; lastKnownFileType = sourcecode.swift; path = Paste.swift; sourceTree = "<group>"; };
		75B881D6297DCD6500048A2F /* AppDelegate.swift */ = {isa = PBXFileReference; lastKnownFileType = sourcecode.swift; path = AppDelegate.swift; sourceTree = "<group>"; };
		75B881D8297DDD8700048A2F /* Info.plist */ = {isa = PBXFileReference; lastKnownFileType = text.plist; path = Info.plist; sourceTree = "<group>"; };
		75EE3051299FD86C00DB0D35 /* HistoryManaging+CoreData.swift */ = {isa = PBXFileReference; lastKnownFileType = sourcecode.swift; path = "HistoryManaging+CoreData.swift"; sourceTree = "<group>"; };
		75EE306229A2473600DB0D35 /* Paste+Content.swift */ = {isa = PBXFileReference; lastKnownFileType = sourcecode.swift; path = "Paste+Content.swift"; sourceTree = "<group>"; };
		75EE306429A248E600DB0D35 /* Paste+PreviewType.swift */ = {isa = PBXFileReference; lastKnownFileType = sourcecode.swift; path = "Paste+PreviewType.swift"; sourceTree = "<group>"; };
		75FEFABE29AB5E7200B7432C /* PasteboardManaging+Mock.swift */ = {isa = PBXFileReference; lastKnownFileType = sourcecode.swift; path = "PasteboardManaging+Mock.swift"; sourceTree = "<group>"; };
		75FEFAC429AB64E800B7432C /* PasteOnTests.xctest */ = {isa = PBXFileReference; explicitFileType = wrapper.cfbundle; includeInIndex = 0; path = PasteOnTests.xctest; sourceTree = BUILT_PRODUCTS_DIR; };
/* End PBXFileReference section */

/* Begin PBXFrameworksBuildPhase section */
		75B881BA297C1F7400048A2F /* Frameworks */ = {
			isa = PBXFrameworksBuildPhase;
			buildActionMask = 2147483647;
			files = (
				75B1AEA229BD1BEF00DA784E /* FirebaseAnalyticsSwift in Frameworks */,
				75B1AEAF29BD1CDA00DA784E /* AdSupport.framework in Frameworks */,
				753B5F9829C0F62000BBADD7 /* LaunchAtLogin in Frameworks */,
				75B1AEAC29BD1BEF00DA784E /* FirebaseRemoteConfigSwift in Frameworks */,
				75B1AEA429BD1BEF00DA784E /* FirebaseCrashlytics in Frameworks */,
				75A935AF29AD46C600DB20ED /* KeyboardShortcuts in Frameworks */,
				75B1AEA629BD1BEF00DA784E /* FirebaseDynamicLinks in Frameworks */,
			);
			runOnlyForDeploymentPostprocessing = 0;
		};
		75FEFAC129AB64E800B7432C /* Frameworks */ = {
			isa = PBXFrameworksBuildPhase;
			buildActionMask = 2147483647;
			files = (
			);
			runOnlyForDeploymentPostprocessing = 0;
		};
/* End PBXFrameworksBuildPhase section */

/* Begin PBXGroup section */
		751AF4CA2986EEE5007A3311 /* Preferences */ = {
			isa = PBXGroup;
			children = (
				751AF4CB2986EEF1007A3311 /* Preferences.swift */,
				751AF4CD2986EFC1007A3311 /* PreferencesView.swift */,
				751AF4DF298719EB007A3311 /* PreferencesView.ViewModel.swift */,
				751AF4D829870D5A007A3311 /* PreferencesManaging.swift */,
			);
			path = Preferences;
			sourceTree = "<group>";
		};
		751AF4DA29870FF8007A3311 /* Extensions */ = {
			isa = PBXGroup;
			children = (
				751AF4DB29871001007A3311 /* Bundle+Extensions.swift */,
				751B99ED29B2837E003A45C5 /* String+Extensions.swift */,
				751B99EF29B2915C003A45C5 /* AttributedString.swift */,
			);
			path = Extensions;
			sourceTree = "<group>";
		};
		751AF4E129871A33007A3311 /* PropertyWrappers */ = {
			isa = PBXGroup;
			children = (
				751AF4E229871A45007A3311 /* QuickStorage.swift */,
			);
			path = PropertyWrappers;
			sourceTree = "<group>";
		};
		751B99FA29B29D9A003A45C5 /* Analytics */ = {
			isa = PBXGroup;
			children = (
				751B99F829B29D95003A45C5 /* AnalyticsManaging.swift */,
			);
			path = Analytics;
			sourceTree = "<group>";
		};
		753B5F5829BE69B200BBADD7 /* LandingView */ = {
			isa = PBXGroup;
			children = (
				753B5F5929BE6A3400BBADD7 /* LandingView.swift */,
			);
			path = LandingView;
			sourceTree = "<group>";
		};
		753B5F9929C1037700BBADD7 /* SubscriptionManaging */ = {
			isa = PBXGroup;
			children = (
				753B5F9A29C1038A00BBADD7 /* SubscriptionManaging.swift */,
			);
			path = SubscriptionManaging;
			sourceTree = "<group>";
		};
		753B5F9C29C1179800BBADD7 /* PasteOnTests */ = {
			isa = PBXGroup;
			children = (
				753B5F9D29C1179800BBADD7 /* WorkerTests.swift */,
			);
			path = PasteOnTests;
			sourceTree = "<group>";
		};
		756EA69E2990446100CE2356 /* FloatingPanel */ = {
			isa = PBXGroup;
			children = (
				758EC89F299805D7003562EC /* FloatingPanel.swift */,
			);
			path = FloatingPanel;
			sourceTree = "<group>";
		};
		756EA6A12990515100CE2356 /* Dashboard */ = {
			isa = PBXGroup;
			children = (
				75B881C2297C1F7400048A2F /* Dashboard.swift */,
				751B99EB29B2805F003A45C5 /* PastePreview.swift */,
				756EA6A22990516900CE2356 /* Dashboard.ViewModel.swift */,
			);
			path = Dashboard;
			sourceTree = "<group>";
		};
		756EA6A42990522800CE2356 /* HistoryManaging */ = {
			isa = PBXGroup;
			children = (
				751AF4DD298713FC007A3311 /* HistoryManaging.swift */,
				756EA6A52990524300CE2356 /* HistoryManaging+InMemory.swift */,
				75EE3051299FD86C00DB0D35 /* HistoryManaging+CoreData.swift */,
				756EA6A72990525C00CE2356 /* HistoryManaging+Mock.swift */,
			);
			path = HistoryManaging;
			sourceTree = "<group>";
		};
		758EC8A1299999C3003562EC /* LocalStorage */ = {
			isa = PBXGroup;
			children = (
				758EC8A229999A01003562EC /* PasteboardHistory.xcdatamodeld */,
				758EC8A529999A0F003562EC /* CoreDataManaging.swift */,
			);
			path = LocalStorage;
			sourceTree = "<group>";
		};
		75A935B029AD46D100DB20ED /* KeyboardShortcuts */ = {
			isa = PBXGroup;
			children = (
				75A935B129AD46E500DB20ED /* KeyboardShortcts+Name.swift */,
			);
			path = KeyboardShortcuts;
			sourceTree = "<group>";
		};
		75B1AEAD29BD1CD900DA784E /* Frameworks */ = {
			isa = PBXGroup;
			children = (
				75B1AEAE29BD1CDA00DA784E /* AdSupport.framework */,
			);
			name = Frameworks;
			sourceTree = "<group>";
		};
		75B881B4297C1F7400048A2F = {
			isa = PBXGroup;
			children = (
				753B5F9C29C1179800BBADD7 /* PasteOnTests */,
				75B881BF297C1F7400048A2F /* PasteOn */,
				75B881BE297C1F7400048A2F /* Products */,
				75B1AEAD29BD1CD900DA784E /* Frameworks */,
			);
			sourceTree = "<group>";
		};
		75B881BE297C1F7400048A2F /* Products */ = {
			isa = PBXGroup;
			children = (
				75B881BD297C1F7400048A2F /* PasteOn.app */,
				75FEFAC429AB64E800B7432C /* PasteOnTests.xctest */,
			);
			name = Products;
			sourceTree = "<group>";
		};
		75B881BF297C1F7400048A2F /* PasteOn */ = {
			isa = PBXGroup;
			children = (
				75B1AE9E29BD1ADA00DA784E /* GoogleService-Info.plist */,
				75B881D8297DDD8700048A2F /* Info.plist */,
				75B881CF297C7B8900048A2F /* Sources */,
				75B881D6297DCD6500048A2F /* AppDelegate.swift */,
				75B881C0297C1F7400048A2F /* EntryPoint.swift */,
				75B881C4297C1F7600048A2F /* Assets.xcassets */,
				75B881C9297C1F7600048A2F /* PasteOn.entitlements */,
				75B881C6297C1F7600048A2F /* Preview Content */,
			);
			path = PasteOn;
			sourceTree = "<group>";
		};
		75B881C6297C1F7600048A2F /* Preview Content */ = {
			isa = PBXGroup;
			children = (
				75B881C7297C1F7600048A2F /* Preview Assets.xcassets */,
			);
			path = "Preview Content";
			sourceTree = "<group>";
		};
		75B881CF297C7B8900048A2F /* Sources */ = {
			isa = PBXGroup;
			children = (
				753B5F9929C1037700BBADD7 /* SubscriptionManaging */,
				753B5F5829BE69B200BBADD7 /* LandingView */,
				751B99FA29B29D9A003A45C5 /* Analytics */,
				75A935B029AD46D100DB20ED /* KeyboardShortcuts */,
				75FEFABD29AB5A3D00B7432C /* PasteboardManaging */,
				75EE306129A246E700DB0D35 /* Models */,
				758EC8A1299999C3003562EC /* LocalStorage */,
				756EA6A42990522800CE2356 /* HistoryManaging */,
				756EA69E2990446100CE2356 /* FloatingPanel */,
				751AF4E129871A33007A3311 /* PropertyWrappers */,
				751AF4DA29870FF8007A3311 /* Extensions */,
				751AF4CA2986EEE5007A3311 /* Preferences */,
				756EA6A12990515100CE2356 /* Dashboard */,
				75B881D2297D6DB000048A2F /* Worker.swift */,
			);
			path = Sources;
			sourceTree = "<group>";
		};
		75EE306129A246E700DB0D35 /* Models */ = {
			isa = PBXGroup;
			children = (
				75B881D4297D6F4900048A2F /* Paste.swift */,
				75EE306429A248E600DB0D35 /* Paste+PreviewType.swift */,
				75EE306229A2473600DB0D35 /* Paste+Content.swift */,
			);
			path = Models;
			sourceTree = "<group>";
		};
		75FEFABD29AB5A3D00B7432C /* PasteboardManaging */ = {
			isa = PBXGroup;
			children = (
				75B881D0297C7B9800048A2F /* PasteboardManaging.swift */,
				75FEFABE29AB5E7200B7432C /* PasteboardManaging+Mock.swift */,
			);
			path = PasteboardManaging;
			sourceTree = "<group>";
		};
/* End PBXGroup section */

/* Begin PBXNativeTarget section */
		75B881BC297C1F7400048A2F /* PasteOn */ = {
			isa = PBXNativeTarget;
			buildConfigurationList = 75B881CC297C1F7600048A2F /* Build configuration list for PBXNativeTarget "PasteOn" */;
			buildPhases = (
				75B881B9297C1F7400048A2F /* Sources */,
				75B881BA297C1F7400048A2F /* Frameworks */,
				75B881BB297C1F7400048A2F /* Resources */,
				751B99FB29B2A13E003A45C5 /* Crashlytics */,
			);
			buildRules = (
			);
			dependencies = (
			);
			name = PasteOn;
			packageProductDependencies = (
				75A935AE29AD46C600DB20ED /* KeyboardShortcuts */,
				75B1AEA129BD1BEF00DA784E /* FirebaseAnalyticsSwift */,
				75B1AEA329BD1BEF00DA784E /* FirebaseCrashlytics */,
				75B1AEA529BD1BEF00DA784E /* FirebaseDynamicLinks */,
				75B1AEAB29BD1BEF00DA784E /* FirebaseRemoteConfigSwift */,
				753B5F9729C0F62000BBADD7 /* LaunchAtLogin */,
			);
			productName = Pasteboard;
			productReference = 75B881BD297C1F7400048A2F /* PasteOn.app */;
			productType = "com.apple.product-type.application";
		};
		75FEFAC329AB64E800B7432C /* PasteOnTests */ = {
			isa = PBXNativeTarget;
			buildConfigurationList = 75FEFACA29AB64E800B7432C /* Build configuration list for PBXNativeTarget "PasteOnTests" */;
			buildPhases = (
				75FEFAC029AB64E800B7432C /* Sources */,
				75FEFAC129AB64E800B7432C /* Frameworks */,
				75FEFAC229AB64E800B7432C /* Resources */,
			);
			buildRules = (
			);
			dependencies = (
				75FEFAC929AB64E800B7432C /* PBXTargetDependency */,
			);
			name = PasteOnTests;
			productName = PasteboardTests;
			productReference = 75FEFAC429AB64E800B7432C /* PasteOnTests.xctest */;
			productType = "com.apple.product-type.bundle.unit-test";
		};
/* End PBXNativeTarget section */

/* Begin PBXProject section */
		75B881B5297C1F7400048A2F /* Project object */ = {
			isa = PBXProject;
			attributes = {
				BuildIndependentTargetsInParallel = 1;
				LastSwiftUpdateCheck = 1420;
				LastUpgradeCheck = 1420;
				TargetAttributes = {
					75B881BC297C1F7400048A2F = {
						CreatedOnToolsVersion = 14.2;
					};
					75FEFAC329AB64E800B7432C = {
						CreatedOnToolsVersion = 14.2;
						TestTargetID = 75B881BC297C1F7400048A2F;
					};
				};
			};
			buildConfigurationList = 75B881B8297C1F7400048A2F /* Build configuration list for PBXProject "PasteOn" */;
			compatibilityVersion = "Xcode 14.0";
			developmentRegion = en;
			hasScannedForEncodings = 0;
			knownRegions = (
				en,
				Base,
			);
			mainGroup = 75B881B4297C1F7400048A2F;
			packageReferences = (
				75A935AD29AD46C600DB20ED /* XCRemoteSwiftPackageReference "KeyboardShortcuts" */,
				75B1AEA029BD1BEF00DA784E /* XCRemoteSwiftPackageReference "firebase-ios-sdk" */,
				753B5F9629C0F62000BBADD7 /* XCRemoteSwiftPackageReference "LaunchAtLogin" */,
			);
			productRefGroup = 75B881BE297C1F7400048A2F /* Products */;
			projectDirPath = "";
			projectRoot = "";
			targets = (
				75B881BC297C1F7400048A2F /* PasteOn */,
				75FEFAC329AB64E800B7432C /* PasteOnTests */,
			);
		};
/* End PBXProject section */

/* Begin PBXResourcesBuildPhase section */
		75B881BB297C1F7400048A2F /* Resources */ = {
			isa = PBXResourcesBuildPhase;
			buildActionMask = 2147483647;
			files = (
				75B881C8297C1F7600048A2F /* Preview Assets.xcassets in Resources */,
				75B881C5297C1F7600048A2F /* Assets.xcassets in Resources */,
				75B1AE9F29BD1ADA00DA784E /* GoogleService-Info.plist in Resources */,
			);
			runOnlyForDeploymentPostprocessing = 0;
		};
		75FEFAC229AB64E800B7432C /* Resources */ = {
			isa = PBXResourcesBuildPhase;
			buildActionMask = 2147483647;
			files = (
			);
			runOnlyForDeploymentPostprocessing = 0;
		};
/* End PBXResourcesBuildPhase section */

/* Begin PBXShellScriptBuildPhase section */
		751B99FB29B2A13E003A45C5 /* Crashlytics */ = {
			isa = PBXShellScriptBuildPhase;
			alwaysOutOfDate = 1;
			buildActionMask = 2147483647;
			files = (
			);
			inputFileListPaths = (
			);
			inputPaths = (
				"$(BUILT_PRODUCTS_DIR)/$(INFOPLIST_PATH)",
			);
			name = Crashlytics;
			outputFileListPaths = (
			);
			outputPaths = (
			);
			runOnlyForDeploymentPostprocessing = 0;
			shellPath = /bin/sh;
			shellScript = "\"${BUILD_DIR%/Build/*}/SourcePackages/checkouts/firebase-ios-sdk/Crashlytics/run\"\n";
		};
/* End PBXShellScriptBuildPhase section */

/* Begin PBXSourcesBuildPhase section */
		75B881B9297C1F7400048A2F /* Sources */ = {
			isa = PBXSourcesBuildPhase;
			buildActionMask = 2147483647;
			files = (
				75B881D7297DCD6500048A2F /* AppDelegate.swift in Sources */,
				751B99EC29B2805F003A45C5 /* PastePreview.swift in Sources */,
				751AF4E0298719EB007A3311 /* PreferencesView.ViewModel.swift in Sources */,
				758EC8A0299805D7003562EC /* FloatingPanel.swift in Sources */,
				751B99F929B29D95003A45C5 /* AnalyticsManaging.swift in Sources */,
				751AF4CE2986EFC1007A3311 /* PreferencesView.swift in Sources */,
				751AF4CC2986EEF1007A3311 /* Preferences.swift in Sources */,
				751AF4E329871A45007A3311 /* QuickStorage.swift in Sources */,
				75EE306329A2473600DB0D35 /* Paste+Content.swift in Sources */,
				753B5F5A29BE6A3400BBADD7 /* LandingView.swift in Sources */,
				751AF4DE298713FC007A3311 /* HistoryManaging.swift in Sources */,
				751B99F029B2915C003A45C5 /* AttributedString.swift in Sources */,
				756EA6A82990525C00CE2356 /* HistoryManaging+Mock.swift in Sources */,
				758EC8A629999A0F003562EC /* CoreDataManaging.swift in Sources */,
				758EC8A429999A01003562EC /* PasteboardHistory.xcdatamodeld in Sources */,
				75FEFABF29AB5E7300B7432C /* PasteboardManaging+Mock.swift in Sources */,
				75B881C3297C1F7400048A2F /* Dashboard.swift in Sources */,
				751B99EE29B2837E003A45C5 /* String+Extensions.swift in Sources */,
				753B5F9B29C1038A00BBADD7 /* SubscriptionManaging.swift in Sources */,
				75A935B229AD46E500DB20ED /* KeyboardShortcts+Name.swift in Sources */,
				75B881D3297D6DB000048A2F /* Worker.swift in Sources */,
				751AF4D929870D5A007A3311 /* PreferencesManaging.swift in Sources */,
				75B881D5297D6F4900048A2F /* Paste.swift in Sources */,
				756EA6A62990524300CE2356 /* HistoryManaging+InMemory.swift in Sources */,
				75EE3052299FD86C00DB0D35 /* HistoryManaging+CoreData.swift in Sources */,
				75B881C1297C1F7400048A2F /* EntryPoint.swift in Sources */,
				751AF4DC29871001007A3311 /* Bundle+Extensions.swift in Sources */,
				75B881D1297C7B9800048A2F /* PasteboardManaging.swift in Sources */,
				75EE306529A248E600DB0D35 /* Paste+PreviewType.swift in Sources */,
				756EA6A32990516900CE2356 /* Dashboard.ViewModel.swift in Sources */,
			);
			runOnlyForDeploymentPostprocessing = 0;
		};
		75FEFAC029AB64E800B7432C /* Sources */ = {
			isa = PBXSourcesBuildPhase;
			buildActionMask = 2147483647;
			files = (
				753B5F9E29C1179800BBADD7 /* WorkerTests.swift in Sources */,
			);
			runOnlyForDeploymentPostprocessing = 0;
		};
/* End PBXSourcesBuildPhase section */

/* Begin PBXTargetDependency section */
		75FEFAC929AB64E800B7432C /* PBXTargetDependency */ = {
			isa = PBXTargetDependency;
			target = 75B881BC297C1F7400048A2F /* PasteOn */;
			targetProxy = 75FEFAC829AB64E800B7432C /* PBXContainerItemProxy */;
		};
/* End PBXTargetDependency section */

/* Begin XCBuildConfiguration section */
		75B881CA297C1F7600048A2F /* Debug */ = {
			isa = XCBuildConfiguration;
			buildSettings = {
				ALWAYS_SEARCH_USER_PATHS = NO;
				CLANG_ANALYZER_NONNULL = YES;
				CLANG_ANALYZER_NUMBER_OBJECT_CONVERSION = YES_AGGRESSIVE;
				CLANG_CXX_LANGUAGE_STANDARD = "gnu++20";
				CLANG_ENABLE_MODULES = YES;
				CLANG_ENABLE_OBJC_ARC = YES;
				CLANG_ENABLE_OBJC_WEAK = YES;
				CLANG_WARN_BLOCK_CAPTURE_AUTORELEASING = YES;
				CLANG_WARN_BOOL_CONVERSION = YES;
				CLANG_WARN_COMMA = YES;
				CLANG_WARN_CONSTANT_CONVERSION = YES;
				CLANG_WARN_DEPRECATED_OBJC_IMPLEMENTATIONS = YES;
				CLANG_WARN_DIRECT_OBJC_ISA_USAGE = YES_ERROR;
				CLANG_WARN_DOCUMENTATION_COMMENTS = YES;
				CLANG_WARN_EMPTY_BODY = YES;
				CLANG_WARN_ENUM_CONVERSION = YES;
				CLANG_WARN_INFINITE_RECURSION = YES;
				CLANG_WARN_INT_CONVERSION = YES;
				CLANG_WARN_NON_LITERAL_NULL_CONVERSION = YES;
				CLANG_WARN_OBJC_IMPLICIT_RETAIN_SELF = YES;
				CLANG_WARN_OBJC_LITERAL_CONVERSION = YES;
				CLANG_WARN_OBJC_ROOT_CLASS = YES_ERROR;
				CLANG_WARN_QUOTED_INCLUDE_IN_FRAMEWORK_HEADER = YES;
				CLANG_WARN_RANGE_LOOP_ANALYSIS = YES;
				CLANG_WARN_STRICT_PROTOTYPES = YES;
				CLANG_WARN_SUSPICIOUS_MOVE = YES;
				CLANG_WARN_UNGUARDED_AVAILABILITY = YES_AGGRESSIVE;
				CLANG_WARN_UNREACHABLE_CODE = YES;
				CLANG_WARN__DUPLICATE_METHOD_MATCH = YES;
				COPY_PHASE_STRIP = NO;
				DEBUG_INFORMATION_FORMAT = dwarf;
				ENABLE_STRICT_OBJC_MSGSEND = YES;
				ENABLE_TESTABILITY = YES;
				GCC_C_LANGUAGE_STANDARD = gnu11;
				GCC_DYNAMIC_NO_PIC = NO;
				GCC_NO_COMMON_BLOCKS = YES;
				GCC_OPTIMIZATION_LEVEL = 0;
				GCC_PREPROCESSOR_DEFINITIONS = (
					"DEBUG=1",
					"$(inherited)",
				);
				GCC_WARN_64_TO_32_BIT_CONVERSION = YES;
				GCC_WARN_ABOUT_RETURN_TYPE = YES_ERROR;
				GCC_WARN_UNDECLARED_SELECTOR = YES;
				GCC_WARN_UNINITIALIZED_AUTOS = YES_AGGRESSIVE;
				GCC_WARN_UNUSED_FUNCTION = YES;
				GCC_WARN_UNUSED_VARIABLE = YES;
				MACOSX_DEPLOYMENT_TARGET = 13.1;
				MTL_ENABLE_DEBUG_INFO = INCLUDE_SOURCE;
				MTL_FAST_MATH = YES;
				ONLY_ACTIVE_ARCH = YES;
				SDKROOT = macosx;
				SWIFT_ACTIVE_COMPILATION_CONDITIONS = DEBUG;
				SWIFT_OPTIMIZATION_LEVEL = "-Onone";
			};
			name = Debug;
		};
		75B881CB297C1F7600048A2F /* Release */ = {
			isa = XCBuildConfiguration;
			buildSettings = {
				ALWAYS_SEARCH_USER_PATHS = NO;
				CLANG_ANALYZER_NONNULL = YES;
				CLANG_ANALYZER_NUMBER_OBJECT_CONVERSION = YES_AGGRESSIVE;
				CLANG_CXX_LANGUAGE_STANDARD = "gnu++20";
				CLANG_ENABLE_MODULES = YES;
				CLANG_ENABLE_OBJC_ARC = YES;
				CLANG_ENABLE_OBJC_WEAK = YES;
				CLANG_WARN_BLOCK_CAPTURE_AUTORELEASING = YES;
				CLANG_WARN_BOOL_CONVERSION = YES;
				CLANG_WARN_COMMA = YES;
				CLANG_WARN_CONSTANT_CONVERSION = YES;
				CLANG_WARN_DEPRECATED_OBJC_IMPLEMENTATIONS = YES;
				CLANG_WARN_DIRECT_OBJC_ISA_USAGE = YES_ERROR;
				CLANG_WARN_DOCUMENTATION_COMMENTS = YES;
				CLANG_WARN_EMPTY_BODY = YES;
				CLANG_WARN_ENUM_CONVERSION = YES;
				CLANG_WARN_INFINITE_RECURSION = YES;
				CLANG_WARN_INT_CONVERSION = YES;
				CLANG_WARN_NON_LITERAL_NULL_CONVERSION = YES;
				CLANG_WARN_OBJC_IMPLICIT_RETAIN_SELF = YES;
				CLANG_WARN_OBJC_LITERAL_CONVERSION = YES;
				CLANG_WARN_OBJC_ROOT_CLASS = YES_ERROR;
				CLANG_WARN_QUOTED_INCLUDE_IN_FRAMEWORK_HEADER = YES;
				CLANG_WARN_RANGE_LOOP_ANALYSIS = YES;
				CLANG_WARN_STRICT_PROTOTYPES = YES;
				CLANG_WARN_SUSPICIOUS_MOVE = YES;
				CLANG_WARN_UNGUARDED_AVAILABILITY = YES_AGGRESSIVE;
				CLANG_WARN_UNREACHABLE_CODE = YES;
				CLANG_WARN__DUPLICATE_METHOD_MATCH = YES;
				COPY_PHASE_STRIP = NO;
				DEBUG_INFORMATION_FORMAT = "dwarf-with-dsym";
				ENABLE_NS_ASSERTIONS = NO;
				ENABLE_STRICT_OBJC_MSGSEND = YES;
				GCC_C_LANGUAGE_STANDARD = gnu11;
				GCC_NO_COMMON_BLOCKS = YES;
				GCC_WARN_64_TO_32_BIT_CONVERSION = YES;
				GCC_WARN_ABOUT_RETURN_TYPE = YES_ERROR;
				GCC_WARN_UNDECLARED_SELECTOR = YES;
				GCC_WARN_UNINITIALIZED_AUTOS = YES_AGGRESSIVE;
				GCC_WARN_UNUSED_FUNCTION = YES;
				GCC_WARN_UNUSED_VARIABLE = YES;
				MACOSX_DEPLOYMENT_TARGET = 13.1;
				MTL_ENABLE_DEBUG_INFO = NO;
				MTL_FAST_MATH = YES;
				SDKROOT = macosx;
				SWIFT_COMPILATION_MODE = wholemodule;
				SWIFT_OPTIMIZATION_LEVEL = "-O";
			};
			name = Release;
		};
		75B881CD297C1F7600048A2F /* Debug */ = {
			isa = XCBuildConfiguration;
			buildSettings = {
				ASSETCATALOG_COMPILER_APPICON_NAME = AppIcon;
				ASSETCATALOG_COMPILER_GLOBAL_ACCENT_COLOR_NAME = AccentColor;
				CODE_SIGN_ENTITLEMENTS = PasteOn/PasteOn.entitlements;
				"CODE_SIGN_IDENTITY[sdk=macosx*]" = "Apple Development";
				CODE_SIGN_STYLE = Automatic;
				COMBINE_HIDPI_IMAGES = YES;
				CURRENT_PROJECT_VERSION = 7;
				DEBUG_INFORMATION_FORMAT = "dwarf-with-dsym";
				DEVELOPMENT_ASSET_PATHS = "\"PasteOn/Preview Content\"";
				DEVELOPMENT_TEAM = GWVKCPM685;
				ENABLE_PREVIEWS = YES;
				GENERATE_INFOPLIST_FILE = YES;
				INFOPLIST_FILE = PasteOn/Info.plist;
				INFOPLIST_KEY_LSApplicationCategoryType = "public.app-category.productivity";
				INFOPLIST_KEY_LSUIElement = YES;
				INFOPLIST_KEY_NSHumanReadableCopyright = "";
				LD_RUNPATH_SEARCH_PATHS = (
					"$(inherited)",
					"@executable_path/../Frameworks",
				);
				MACOSX_DEPLOYMENT_TARGET = 12.3;
				MARKETING_VERSION = 1.0;
				PRODUCT_BUNDLE_IDENTIFIER = com.dukhovnyi.Pasteboard;
				PRODUCT_NAME = "$(TARGET_NAME)";
				SWIFT_EMIT_LOC_STRINGS = YES;
				SWIFT_VERSION = 5.0;
			};
			name = Debug;
		};
		75B881CE297C1F7600048A2F /* Release */ = {
			isa = XCBuildConfiguration;
			buildSettings = {
				ASSETCATALOG_COMPILER_APPICON_NAME = AppIcon;
				ASSETCATALOG_COMPILER_GLOBAL_ACCENT_COLOR_NAME = AccentColor;
				CODE_SIGN_ENTITLEMENTS = PasteOn/PasteOn.entitlements;
				"CODE_SIGN_IDENTITY[sdk=macosx*]" = "Apple Development";
				CODE_SIGN_STYLE = Automatic;
				COMBINE_HIDPI_IMAGES = YES;
				CURRENT_PROJECT_VERSION = 7;
				DEVELOPMENT_ASSET_PATHS = "\"PasteOn/Preview Content\"";
				DEVELOPMENT_TEAM = GWVKCPM685;
				ENABLE_PREVIEWS = YES;
				GENERATE_INFOPLIST_FILE = YES;
				INFOPLIST_FILE = PasteOn/Info.plist;
				INFOPLIST_KEY_LSApplicationCategoryType = "public.app-category.productivity";
				INFOPLIST_KEY_LSUIElement = YES;
				INFOPLIST_KEY_NSHumanReadableCopyright = "";
				LD_RUNPATH_SEARCH_PATHS = (
					"$(inherited)",
					"@executable_path/../Frameworks",
				);
				MACOSX_DEPLOYMENT_TARGET = 12.3;
				MARKETING_VERSION = 1.0;
				PRODUCT_BUNDLE_IDENTIFIER = com.dukhovnyi.Pasteboard;
				PRODUCT_NAME = "$(TARGET_NAME)";
				SWIFT_EMIT_LOC_STRINGS = YES;
				SWIFT_VERSION = 5.0;
			};
			name = Release;
		};
		75FEFACB29AB64E800B7432C /* Debug */ = {
			isa = XCBuildConfiguration;
			buildSettings = {
				BUNDLE_LOADER = "$(TEST_HOST)";
				CODE_SIGN_STYLE = Automatic;
				CURRENT_PROJECT_VERSION = 1;
				GENERATE_INFOPLIST_FILE = YES;
				MACOSX_DEPLOYMENT_TARGET = 13.0;
				MARKETING_VERSION = 1.0;
				PRODUCT_BUNDLE_IDENTIFIER = com.dukhovnyi.PasteboardTests;
				PRODUCT_NAME = "$(TARGET_NAME)";
				SWIFT_EMIT_LOC_STRINGS = NO;
				SWIFT_VERSION = 5.0;
				TEST_HOST = "$(BUILT_PRODUCTS_DIR)/PasteOn.app/$(BUNDLE_EXECUTABLE_FOLDER_PATH)/PasteOn";
			};
			name = Debug;
		};
		75FEFACC29AB64E800B7432C /* Release */ = {
			isa = XCBuildConfiguration;
			buildSettings = {
				BUNDLE_LOADER = "$(TEST_HOST)";
				CODE_SIGN_STYLE = Automatic;
				CURRENT_PROJECT_VERSION = 1;
				GENERATE_INFOPLIST_FILE = YES;
				MACOSX_DEPLOYMENT_TARGET = 13.0;
				MARKETING_VERSION = 1.0;
				PRODUCT_BUNDLE_IDENTIFIER = com.dukhovnyi.PasteboardTests;
				PRODUCT_NAME = "$(TARGET_NAME)";
				SWIFT_EMIT_LOC_STRINGS = NO;
				SWIFT_VERSION = 5.0;
				TEST_HOST = "$(BUILT_PRODUCTS_DIR)/PasteOn.app/$(BUNDLE_EXECUTABLE_FOLDER_PATH)/PasteOn";
			};
			name = Release;
		};
/* End XCBuildConfiguration section */

/* Begin XCConfigurationList section */
		75B881B8297C1F7400048A2F /* Build configuration list for PBXProject "PasteOn" */ = {
			isa = XCConfigurationList;
			buildConfigurations = (
				75B881CA297C1F7600048A2F /* Debug */,
				75B881CB297C1F7600048A2F /* Release */,
			);
			defaultConfigurationIsVisible = 0;
			defaultConfigurationName = Release;
		};
		75B881CC297C1F7600048A2F /* Build configuration list for PBXNativeTarget "PasteOn" */ = {
			isa = XCConfigurationList;
			buildConfigurations = (
				75B881CD297C1F7600048A2F /* Debug */,
				75B881CE297C1F7600048A2F /* Release */,
			);
			defaultConfigurationIsVisible = 0;
			defaultConfigurationName = Release;
		};
		75FEFACA29AB64E800B7432C /* Build configuration list for PBXNativeTarget "PasteOnTests" */ = {
			isa = XCConfigurationList;
			buildConfigurations = (
				75FEFACB29AB64E800B7432C /* Debug */,
				75FEFACC29AB64E800B7432C /* Release */,
			);
			defaultConfigurationIsVisible = 0;
			defaultConfigurationName = Release;
		};
/* End XCConfigurationList section */

/* Begin XCRemoteSwiftPackageReference section */
		753B5F9629C0F62000BBADD7 /* XCRemoteSwiftPackageReference "LaunchAtLogin" */ = {
			isa = XCRemoteSwiftPackageReference;
			repositoryURL = "https://github.com/sindresorhus/LaunchAtLogin";
			requirement = {
				kind = upToNextMajorVersion;
				minimumVersion = 5.0.0;
			};
		};
		75A935AD29AD46C600DB20ED /* XCRemoteSwiftPackageReference "KeyboardShortcuts" */ = {
			isa = XCRemoteSwiftPackageReference;
			repositoryURL = "https://github.com/sindresorhus/KeyboardShortcuts";
			requirement = {
				kind = upToNextMajorVersion;
				minimumVersion = 1.9.4;
			};
		};
		75B1AEA029BD1BEF00DA784E /* XCRemoteSwiftPackageReference "firebase-ios-sdk" */ = {
			isa = XCRemoteSwiftPackageReference;
			repositoryURL = "https://github.com/firebase/firebase-ios-sdk";
			requirement = {
				kind = upToNextMajorVersion;
				minimumVersion = 10.6.0;
			};
		};
/* End XCRemoteSwiftPackageReference section */

/* Begin XCSwiftPackageProductDependency section */
		753B5F9729C0F62000BBADD7 /* LaunchAtLogin */ = {
			isa = XCSwiftPackageProductDependency;
			package = 753B5F9629C0F62000BBADD7 /* XCRemoteSwiftPackageReference "LaunchAtLogin" */;
			productName = LaunchAtLogin;
		};
		75A935AE29AD46C600DB20ED /* KeyboardShortcuts */ = {
			isa = XCSwiftPackageProductDependency;
			package = 75A935AD29AD46C600DB20ED /* XCRemoteSwiftPackageReference "KeyboardShortcuts" */;
			productName = KeyboardShortcuts;
		};
		75B1AEA129BD1BEF00DA784E /* FirebaseAnalyticsSwift */ = {
			isa = XCSwiftPackageProductDependency;
			package = 75B1AEA029BD1BEF00DA784E /* XCRemoteSwiftPackageReference "firebase-ios-sdk" */;
			productName = FirebaseAnalyticsSwift;
		};
		75B1AEA329BD1BEF00DA784E /* FirebaseCrashlytics */ = {
			isa = XCSwiftPackageProductDependency;
			package = 75B1AEA029BD1BEF00DA784E /* XCRemoteSwiftPackageReference "firebase-ios-sdk" */;
			productName = FirebaseCrashlytics;
		};
		75B1AEA529BD1BEF00DA784E /* FirebaseDynamicLinks */ = {
			isa = XCSwiftPackageProductDependency;
			package = 75B1AEA029BD1BEF00DA784E /* XCRemoteSwiftPackageReference "firebase-ios-sdk" */;
			productName = FirebaseDynamicLinks;
		};
		75B1AEAB29BD1BEF00DA784E /* FirebaseRemoteConfigSwift */ = {
			isa = XCSwiftPackageProductDependency;
			package = 75B1AEA029BD1BEF00DA784E /* XCRemoteSwiftPackageReference "firebase-ios-sdk" */;
			productName = FirebaseRemoteConfigSwift;
		};
/* End XCSwiftPackageProductDependency section */

/* Begin XCVersionGroup section */
		758EC8A229999A01003562EC /* PasteboardHistory.xcdatamodeld */ = {
			isa = XCVersionGroup;
			children = (
				758EC8A329999A01003562EC /* PasteboardPrint.xcdatamodel */,
			);
			currentVersion = 758EC8A329999A01003562EC /* PasteboardPrint.xcdatamodel */;
			path = PasteboardHistory.xcdatamodeld;
			sourceTree = "<group>";
			versionGroupType = wrapper.xcdatamodel;
		};
/* End XCVersionGroup section */
	};
	rootObject = 75B881B5297C1F7400048A2F /* Project object */;
}
